
Microsoft Visual Studio Solution File, Format Version 12.00
# Visual Studio Version 17
VisualStudioVersion = 17.8.34511.84
MinimumVisualStudioVersion = 10.0.40219.1
Project("{9A19103F-16F7-4668-BE54-9A1E7A4F7556}") = "SevenMinutesBook_V1.Server", "SevenMinutesBook_V1.Server.csproj", "{B3D07713-C79C-444F-80C2-B690D8A6D455}"
EndProject
Global
	GlobalSection(SolutionConfigurationPlatforms) = preSolution
		Debug|Any CPU = Debug|Any CPU
		Release|Any CPU = Release|Any CPU
	EndGlobalSection
	GlobalSection(ProjectConfigurationPlatforms) = postSolution
		{B3D07713-C79C-444F-80C2-B690D8A6D455}.Debug|Any CPU.ActiveCfg = Debug|Any CPU
		{B3D07713-C79C-444F-80C2-B690D8A6D455}.Debug|Any CPU.Build.0 = Debug|Any CPU
		{B3D07713-C79C-444F-80C2-B690D8A6D455}.Release|Any CPU.ActiveCfg = Release|Any CPU
		{B3D07713-C79C-444F-80C2-B690D8A6D455}.Release|Any CPU.Build.0 = Release|Any CPU
	EndGlobalSection
	GlobalSection(SolutionProperties) = preSolution
		HideSolutionNode = FALSE
	EndGlobalSection
	GlobalSection(ExtensibilityGlobals) = postSolution
		SolutionGuid = {91999D71-848C-40D5-86BB-3F04F416A468}
	EndGlobalSection
EndGlobal
