
Microsoft Visual Studio Solution File, Format Version 12.00
# Visual Studio Version 17
VisualStudioVersion = 17.8.34511.84
MinimumVisualStudioVersion = 10.0.40219.1
Project("{FAE04EC0-301F-11D3-BF4B-00C04F79EFBC}") = "SevenMinutesBook_v1.Server", "SevenMinutesBook_v1.Server\SevenMinutesBook_v1.Server.csproj", "{DBCB5C62-6A0C-4DDC-871C-B5C85C1C7D8B}"
EndProject
Project("{54A90642-561A-4BB1-A94E-469ADEE60C69}") = "sevenminutesbook_v1.client", "sevenminutesbook_v1.client\sevenminutesbook_v1.client.esproj", "{593DE29D-A36D-45A8-83BC-77A111374F36}"
EndProject
Global
	GlobalSection(SolutionConfigurationPlatforms) = preSolution
		Debug|Any CPU = Debug|Any CPU
		Release|Any CPU = Release|Any CPU
	EndGlobalSection
	GlobalSection(ProjectConfigurationPlatforms) = postSolution
		{DBCB5C62-6A0C-4DDC-871C-B5C85C1C7D8B}.Debug|Any CPU.ActiveCfg = Debug|Any CPU
		{DBCB5C62-6A0C-4DDC-871C-B5C85C1C7D8B}.Debug|Any CPU.Build.0 = Debug|Any CPU
		{DBCB5C62-6A0C-4DDC-871C-B5C85C1C7D8B}.Release|Any CPU.ActiveCfg = Release|Any CPU
		{DBCB5C62-6A0C-4DDC-871C-B5C85C1C7D8B}.Release|Any CPU.Build.0 = Release|Any CPU
		{593DE29D-A36D-45A8-83BC-77A111374F36}.Debug|Any CPU.ActiveCfg = Debug|Any CPU
		{593DE29D-A36D-45A8-83BC-77A111374F36}.Debug|Any CPU.Build.0 = Debug|Any CPU
		{593DE29D-A36D-45A8-83BC-77A111374F36}.Debug|Any CPU.Deploy.0 = Debug|Any CPU
		{593DE29D-A36D-45A8-83BC-77A111374F36}.Release|Any CPU.ActiveCfg = Release|Any CPU
		{593DE29D-A36D-45A8-83BC-77A111374F36}.Release|Any CPU.Build.0 = Release|Any CPU
		{593DE29D-A36D-45A8-83BC-77A111374F36}.Release|Any CPU.Deploy.0 = Release|Any CPU
	EndGlobalSection
	GlobalSection(SolutionProperties) = preSolution
		HideSolutionNode = FALSE
	EndGlobalSection
	GlobalSection(ExtensibilityGlobals) = postSolution
		SolutionGuid = {061D7A80-B53A-462F-80BC-209FE9F51FD3}
	EndGlobalSection
EndGlobal
